<?xml version="1.0" encoding="utf-8"?>
<Project ToolsVersion="4.0" xmlns="http://schemas.microsoft.com/developer/msbuild/2003">
  <ItemGroup>
    <Filter Include="Source Files">
      <UniqueIdentifier>{4FC737F1-C7A5-4376-A066-2A32D752A2FF}</UniqueIdentifier>
      <Extensions>cpp;c;cc;cxx;c++;cppm;ixx;def;odl;idl;hpj;bat;asm;asmx</Extensions>
    </Filter>
    <Filter Include="Binary">
      <UniqueIdentifier>{8992b0ce-76fe-4b28-b348-d71427295db8}</UniqueIdentifier>
    </Filter>
  </ItemGroup>
  <ItemGroup>
    <NASM Include="kernel.asm">
      <Filter>Source Files</Filter>
    </NASM>
    <NASM Include="bootloader.asm">
      <Filter>Source Files</Filter>
    </NASM>
  </ItemGroup>
  <ItemGroup>
    <ClCompile Include="assembler.bat">
      <Filter>Source Files</Filter>
    </ClCompile>
  </ItemGroup>
</Project>